// !$*UTF8*$!
{
	archiveVersion = 1;
	classes = {
	};
	objectVersion = 56;
	objects = {

/* Begin PBXBuildFile section */
		63735E322C27E5F300287B5A /* Wat_JaiApp.swift in Sources */ = {isa = PBXBuildFile; fileRef = 63735E312C27E5F300287B5A /* Wat_JaiApp.swift */; };
		63735E342C27E5F300287B5A /* ContentView.swift in Sources */ = {isa = PBXBuildFile; fileRef = 63735E332C27E5F300287B5A /* ContentView.swift */; };
		63735E362C27E5F500287B5A /* Assets.xcassets in Resources */ = {isa = PBXBuildFile; fileRef = 63735E352C27E5F500287B5A /* Assets.xcassets */; };
		63735E392C27E5F500287B5A /* Preview Assets.xcassets in Resources */ = {isa = PBXBuildFile; fileRef = 63735E382C27E5F500287B5A /* Preview Assets.xcassets */; };
		63735E432C27E5F600287B5A /* Wat_JaiTests.swift in Sources */ = {isa = PBXBuildFile; fileRef = 63735E422C27E5F600287B5A /* Wat_JaiTests.swift */; };
		63735E4D2C27E5F600287B5A /* Wat_JaiUITests.swift in Sources */ = {isa = PBXBuildFile; fileRef = 63735E4C2C27E5F600287B5A /* Wat_JaiUITests.swift */; };
		63735E4F2C27E5F600287B5A /* Wat_JaiUITestsLaunchTests.swift in Sources */ = {isa = PBXBuildFile; fileRef = 63735E4E2C27E5F600287B5A /* Wat_JaiUITestsLaunchTests.swift */; };
		63735E5C2C27E99500287B5A /* watjai 1.mlmodel in Sources */ = {isa = PBXBuildFile; fileRef = 63735E5B2C27E99500287B5A /* watjai 1.mlmodel */; };
		63735E5E2C27EBCE00287B5A /* watjai.mlmodel in Sources */ = {isa = PBXBuildFile; fileRef = 63735E5D2C27EBCE00287B5A /* watjai.mlmodel */; };
		63735E602C2812E700287B5A /* home.swift in Sources */ = {isa = PBXBuildFile; fileRef = 63735E5F2C2812E700287B5A /* home.swift */; };
		63735E622C28183A00287B5A /* Regret.swift in Sources */ = {isa = PBXBuildFile; fileRef = 63735E612C28183A00287B5A /* Regret.swift */; };
		63735E642C28189300287B5A /* cons.swift in Sources */ = {isa = PBXBuildFile; fileRef = 63735E632C28189300287B5A /* cons.swift */; };
		63735E662C2818D400287B5A /* test.swift in Sources */ = {isa = PBXBuildFile; fileRef = 63735E652C2818D400287B5A /* test.swift */; };
/* End PBXBuildFile section */

/* Begin PBXContainerItemProxy section */
		63735E3F2C27E5F600287B5A /* PBXContainerItemProxy */ = {
			isa = PBXContainerItemProxy;
			containerPortal = 63735E262C27E5F300287B5A /* Project object */;
			proxyType = 1;
			remoteGlobalIDString = 63735E2D2C27E5F300287B5A;
			remoteInfo = Wat_Jai;
		};
		63735E492C27E5F600287B5A /* PBXContainerItemProxy */ = {
			isa = PBXContainerItemProxy;
			containerPortal = 63735E262C27E5F300287B5A /* Project object */;
			proxyType = 1;
			remoteGlobalIDString = 63735E2D2C27E5F300287B5A;
			remoteInfo = Wat_Jai;
		};
/* End PBXContainerItemProxy section */

/* Begin PBXFileReference section */
		63735E2E2C27E5F300287B5A /* Wat_Jai.app */ = {isa = PBXFileReference; explicitFileType = wrapper.application; includeInIndex = 0; path = Wat_Jai.app; sourceTree = BUILT_PRODUCTS_DIR; };
		63735E312C27E5F300287B5A /* Wat_JaiApp.swift */ = {isa = PBXFileReference; lastKnownFileType = sourcecode.swift; path = Wat_JaiApp.swift; sourceTree = "<group>"; };
		63735E332C27E5F300287B5A /* ContentView.swift */ = {isa = PBXFileReference; lastKnownFileType = sourcecode.swift; path = ContentView.swift; sourceTree = "<group>"; };
		63735E352C27E5F500287B5A /* Assets.xcassets */ = {isa = PBXFileReference; lastKnownFileType = folder.assetcatalog; path = Assets.xcassets; sourceTree = "<group>"; };
		63735E382C27E5F500287B5A /* Preview Assets.xcassets */ = {isa = PBXFileReference; lastKnownFileType = folder.assetcatalog; path = "Preview Assets.xcassets"; sourceTree = "<group>"; };
		63735E3E2C27E5F600287B5A /* Wat_JaiTests.xctest */ = {isa = PBXFileReference; explicitFileType = wrapper.cfbundle; includeInIndex = 0; path = Wat_JaiTests.xctest; sourceTree = BUILT_PRODUCTS_DIR; };
		63735E422C27E5F600287B5A /* Wat_JaiTests.swift */ = {isa = PBXFileReference; lastKnownFileType = sourcecode.swift; path = Wat_JaiTests.swift; sourceTree = "<group>"; };
		63735E482C27E5F600287B5A /* Wat_JaiUITests.xctest */ = {isa = PBXFileReference; explicitFileType = wrapper.cfbundle; includeInIndex = 0; path = Wat_JaiUITests.xctest; sourceTree = BUILT_PRODUCTS_DIR; };
		63735E4C2C27E5F600287B5A /* Wat_JaiUITests.swift */ = {isa = PBXFileReference; lastKnownFileType = sourcecode.swift; path = Wat_JaiUITests.swift; sourceTree = "<group>"; };
		63735E4E2C27E5F600287B5A /* Wat_JaiUITestsLaunchTests.swift */ = {isa = PBXFileReference; lastKnownFileType = sourcecode.swift; path = Wat_JaiUITestsLaunchTests.swift; sourceTree = "<group>"; };
		63735E5B2C27E99500287B5A /* watjai 1.mlmodel */ = {isa = PBXFileReference; lastKnownFileType = file.mlmodel; path = "watjai 1.mlmodel"; sourceTree = "<group>"; };
		63735E5D2C27EBCE00287B5A /* watjai.mlmodel */ = {isa = PBXFileReference; lastKnownFileType = file.mlmodel; path = watjai.mlmodel; sourceTree = "<group>"; };
		63735E5F2C2812E700287B5A /* home.swift */ = {isa = PBXFileReference; lastKnownFileType = sourcecode.swift; path = home.swift; sourceTree = "<group>"; };
		63735E612C28183A00287B5A /* Regret.swift */ = {isa = PBXFileReference; lastKnownFileType = sourcecode.swift; path = Regret.swift; sourceTree = "<group>"; };
		63735E632C28189300287B5A /* cons.swift */ = {isa = PBXFileReference; lastKnownFileType = sourcecode.swift; path = cons.swift; sourceTree = "<group>"; };
		63735E652C2818D400287B5A /* test.swift */ = {isa = PBXFileReference; lastKnownFileType = sourcecode.swift; path = test.swift; sourceTree = "<group>"; };
/* End PBXFileReference section */

/* Begin PBXFrameworksBuildPhase section */
		63735E2B2C27E5F300287B5A /* Frameworks */ = {
			isa = PBXFrameworksBuildPhase;
			buildActionMask = 2147483647;
			files = (
			);
			runOnlyForDeploymentPostprocessing = 0;
		};
		63735E3B2C27E5F600287B5A /* Frameworks */ = {
			isa = PBXFrameworksBuildPhase;
			buildActionMask = 2147483647;
			files = (
			);
			runOnlyForDeploymentPostprocessing = 0;
		};
		63735E452C27E5F600287B5A /* Frameworks */ = {
			isa = PBXFrameworksBuildPhase;
			buildActionMask = 2147483647;
			files = (
			);
			runOnlyForDeploymentPostprocessing = 0;
		};
/* End PBXFrameworksBuildPhase section */

/* Begin PBXGroup section */
		63735E252C27E5F300287B5A = {
			isa = PBXGroup;
			children = (
				63735E302C27E5F300287B5A /* Wat_Jai */,
				63735E412C27E5F600287B5A /* Wat_JaiTests */,
				63735E4B2C27E5F600287B5A /* Wat_JaiUITests */,
				63735E2F2C27E5F300287B5A /* Products */,
			);
			sourceTree = "<group>";
		};
		63735E2F2C27E5F300287B5A /* Products */ = {
			isa = PBXGroup;
			children = (
				63735E2E2C27E5F300287B5A /* Wat_Jai.app */,
				63735E3E2C27E5F600287B5A /* Wat_JaiTests.xctest */,
				63735E482C27E5F600287B5A /* Wat_JaiUITests.xctest */,
			);
			name = Products;
			sourceTree = "<group>";
		};
		63735E302C27E5F300287B5A /* Wat_Jai */ = {
			isa = PBXGroup;
			children = (
				63735E312C27E5F300287B5A /* Wat_JaiApp.swift */,
				63735E332C27E5F300287B5A /* ContentView.swift */,
				63735E5F2C2812E700287B5A /* home.swift */,
				63735E612C28183A00287B5A /* Regret.swift */,
				63735E632C28189300287B5A /* cons.swift */,
				63735E652C2818D400287B5A /* test.swift */,
				63735E5B2C27E99500287B5A /* watjai 1.mlmodel */,
				63735E5D2C27EBCE00287B5A /* watjai.mlmodel */,
				63735E352C27E5F500287B5A /* Assets.xcassets */,
				63735E372C27E5F500287B5A /* Preview Content */,
			);
			path = Wat_Jai;
			sourceTree = "<group>";
		};
		63735E372C27E5F500287B5A /* Preview Content */ = {
			isa = PBXGroup;
			children = (
				63735E382C27E5F500287B5A /* Preview Assets.xcassets */,
			);
			path = "Preview Content";
			sourceTree = "<group>";
		};
		63735E412C27E5F600287B5A /* Wat_JaiTests */ = {
			isa = PBXGroup;
			children = (
				63735E422C27E5F600287B5A /* Wat_JaiTests.swift */,
			);
			path = Wat_JaiTests;
			sourceTree = "<group>";
		};
		63735E4B2C27E5F600287B5A /* Wat_JaiUITests */ = {
			isa = PBXGroup;
			children = (
				63735E4C2C27E5F600287B5A /* Wat_JaiUITests.swift */,
				63735E4E2C27E5F600287B5A /* Wat_JaiUITestsLaunchTests.swift */,
			);
			path = Wat_JaiUITests;
			sourceTree = "<group>";
		};
/* End PBXGroup section */

/* Begin PBXNativeTarget section */
		63735E2D2C27E5F300287B5A /* Wat_Jai */ = {
			isa = PBXNativeTarget;
			buildConfigurationList = 63735E522C27E5F600287B5A /* Build configuration list for PBXNativeTarget "Wat_Jai" */;
			buildPhases = (
				63735E2A2C27E5F300287B5A /* Sources */,
				63735E2B2C27E5F300287B5A /* Frameworks */,
				63735E2C2C27E5F300287B5A /* Resources */,
			);
			buildRules = (
			);
			dependencies = (
			);
			name = Wat_Jai;
			productName = Wat_Jai;
			productReference = 63735E2E2C27E5F300287B5A /* Wat_Jai.app */;
			productType = "com.apple.product-type.application";
		};
		63735E3D2C27E5F600287B5A /* Wat_JaiTests */ = {
			isa = PBXNativeTarget;
			buildConfigurationList = 63735E552C27E5F600287B5A /* Build configuration list for PBXNativeTarget "Wat_JaiTests" */;
			buildPhases = (
				63735E3A2C27E5F600287B5A /* Sources */,
				63735E3B2C27E5F600287B5A /* Frameworks */,
				63735E3C2C27E5F600287B5A /* Resources */,
			);
			buildRules = (
			);
			dependencies = (
				63735E402C27E5F600287B5A /* PBXTargetDependency */,
			);
			name = Wat_JaiTests;
			productName = Wat_JaiTests;
			productReference = 63735E3E2C27E5F600287B5A /* Wat_JaiTests.xctest */;
			productType = "com.apple.product-type.bundle.unit-test";
		};
		63735E472C27E5F600287B5A /* Wat_JaiUITests */ = {
			isa = PBXNativeTarget;
			buildConfigurationList = 63735E582C27E5F600287B5A /* Build configuration list for PBXNativeTarget "Wat_JaiUITests" */;
			buildPhases = (
				63735E442C27E5F600287B5A /* Sources */,
				63735E452C27E5F600287B5A /* Frameworks */,
				63735E462C27E5F600287B5A /* Resources */,
			);
			buildRules = (
			);
			dependencies = (
				63735E4A2C27E5F600287B5A /* PBXTargetDependency */,
			);
			name = Wat_JaiUITests;
			productName = Wat_JaiUITests;
			productReference = 63735E482C27E5F600287B5A /* Wat_JaiUITests.xctest */;
			productType = "com.apple.product-type.bundle.ui-testing";
		};
/* End PBXNativeTarget section */

/* Begin PBXProject section */
		63735E262C27E5F300287B5A /* Project object */ = {
			isa = PBXProject;
			attributes = {
				BuildIndependentTargetsInParallel = 1;
				LastSwiftUpdateCheck = 1540;
				LastUpgradeCheck = 1540;
				TargetAttributes = {
					63735E2D2C27E5F300287B5A = {
						CreatedOnToolsVersion = 15.4;
					};
					63735E3D2C27E5F600287B5A = {
						CreatedOnToolsVersion = 15.4;
						TestTargetID = 63735E2D2C27E5F300287B5A;
					};
					63735E472C27E5F600287B5A = {
						CreatedOnToolsVersion = 15.4;
						TestTargetID = 63735E2D2C27E5F300287B5A;
					};
				};
			};
			buildConfigurationList = 63735E292C27E5F300287B5A /* Build configuration list for PBXProject "Wat_Jai" */;
			compatibilityVersion = "Xcode 14.0";
			developmentRegion = en;
			hasScannedForEncodings = 0;
			knownRegions = (
				en,
				Base,
			);
			mainGroup = 63735E252C27E5F300287B5A;
			productRefGroup = 63735E2F2C27E5F300287B5A /* Products */;
			projectDirPath = "";
			projectRoot = "";
			targets = (
				63735E2D2C27E5F300287B5A /* Wat_Jai */,
				63735E3D2C27E5F600287B5A /* Wat_JaiTests */,
				63735E472C27E5F600287B5A /* Wat_JaiUITests */,
			);
		};
/* End PBXProject section */

/* Begin PBXResourcesBuildPhase section */
		63735E2C2C27E5F300287B5A /* Resources */ = {
			isa = PBXResourcesBuildPhase;
			buildActionMask = 2147483647;
			files = (
				63735E392C27E5F500287B5A /* Preview Assets.xcassets in Resources */,
				63735E362C27E5F500287B5A /* Assets.xcassets in Resources */,
			);
			runOnlyForDeploymentPostprocessing = 0;
		};
		63735E3C2C27E5F600287B5A /* Resources */ = {
			isa = PBXResourcesBuildPhase;
			buildActionMask = 2147483647;
			files = (
			);
			runOnlyForDeploymentPostprocessing = 0;
		};
		63735E462C27E5F600287B5A /* Resources */ = {
			isa = PBXResourcesBuildPhase;
			buildActionMask = 2147483647;
			files = (
			);
			runOnlyForDeploymentPostprocessing = 0;
		};
/* End PBXResourcesBuildPhase section */

/* Begin PBXSourcesBuildPhase section */
		63735E2A2C27E5F300287B5A /* Sources */ = {
			isa = PBXSourcesBuildPhase;
			buildActionMask = 2147483647;
			files = (
				63735E622C28183A00287B5A /* Regret.swift in Sources */,
				63735E342C27E5F300287B5A /* ContentView.swift in Sources */,
				63735E322C27E5F300287B5A /* Wat_JaiApp.swift in Sources */,
				63735E642C28189300287B5A /* cons.swift in Sources */,
				63735E5E2C27EBCE00287B5A /* watjai.mlmodel in Sources */,
				63735E662C2818D400287B5A /* test.swift in Sources */,
				63735E602C2812E700287B5A /* home.swift in Sources */,
				63735E5C2C27E99500287B5A /* watjai 1.mlmodel in Sources */,
			);
			runOnlyForDeploymentPostprocessing = 0;
		};
		63735E3A2C27E5F600287B5A /* Sources */ = {
			isa = PBXSourcesBuildPhase;
			buildActionMask = 2147483647;
			files = (
				63735E432C27E5F600287B5A /* Wat_JaiTests.swift in Sources */,
			);
			runOnlyForDeploymentPostprocessing = 0;
		};
		63735E442C27E5F600287B5A /* Sources */ = {
			isa = PBXSourcesBuildPhase;
			buildActionMask = 2147483647;
			files = (
				63735E4F2C27E5F600287B5A /* Wat_JaiUITestsLaunchTests.swift in Sources */,
				63735E4D2C27E5F600287B5A /* Wat_JaiUITests.swift in Sources */,
			);
			runOnlyForDeploymentPostprocessing = 0;
		};
/* End PBXSourcesBuildPhase section */

/* Begin PBXTargetDependency section */
		63735E402C27E5F600287B5A /* PBXTargetDependency */ = {
			isa = PBXTargetDependency;
			target = 63735E2D2C27E5F300287B5A /* Wat_Jai */;
			targetProxy = 63735E3F2C27E5F600287B5A /* PBXContainerItemProxy */;
		};
		63735E4A2C27E5F600287B5A /* PBXTargetDependency */ = {
			isa = PBXTargetDependency;
			target = 63735E2D2C27E5F300287B5A /* Wat_Jai */;
			targetProxy = 63735E492C27E5F600287B5A /* PBXContainerItemProxy */;
		};
/* End PBXTargetDependency section */

/* Begin XCBuildConfiguration section */
		63735E502C27E5F600287B5A /* Debug */ = {
			isa = XCBuildConfiguration;
			buildSettings = {
				ALWAYS_SEARCH_USER_PATHS = NO;
				ASSETCATALOG_COMPILER_GENERATE_SWIFT_ASSET_SYMBOL_EXTENSIONS = YES;
				CLANG_ANALYZER_NONNULL = YES;
				CLANG_ANALYZER_NUMBER_OBJECT_CONVERSION = YES_AGGRESSIVE;
				CLANG_CXX_LANGUAGE_STANDARD = "gnu++20";
				CLANG_ENABLE_MODULES = YES;
				CLANG_ENABLE_OBJC_ARC = YES;
				CLANG_ENABLE_OBJC_WEAK = YES;
				CLANG_WARN_BLOCK_CAPTURE_AUTORELEASING = YES;
				CLANG_WARN_BOOL_CONVERSION = YES;
				CLANG_WARN_COMMA = YES;
				CLANG_WARN_CONSTANT_CONVERSION = YES;
				CLANG_WARN_DEPRECATED_OBJC_IMPLEMENTATIONS = YES;
				CLANG_WARN_DIRECT_OBJC_ISA_USAGE = YES_ERROR;
				CLANG_WARN_DOCUMENTATION_COMMENTS = YES;
				CLANG_WARN_EMPTY_BODY = YES;
				CLANG_WARN_ENUM_CONVERSION = YES;
				CLANG_WARN_INFINITE_RECURSION = YES;
				CLANG_WARN_INT_CONVERSION = YES;
				CLANG_WARN_NON_LITERAL_NULL_CONVERSION = YES;
				CLANG_WARN_OBJC_IMPLICIT_RETAIN_SELF = YES;
				CLANG_WARN_OBJC_LITERAL_CONVERSION = YES;
				CLANG_WARN_OBJC_ROOT_CLASS = YES_ERROR;
				CLANG_WARN_QUOTED_INCLUDE_IN_FRAMEWORK_HEADER = YES;
				CLANG_WARN_RANGE_LOOP_ANALYSIS = YES;
				CLANG_WARN_STRICT_PROTOTYPES = YES;
				CLANG_WARN_SUSPICIOUS_MOVE = YES;
				CLANG_WARN_UNGUARDED_AVAILABILITY = YES_AGGRESSIVE;
				CLANG_WARN_UNREACHABLE_CODE = YES;
				CLANG_WARN__DUPLICATE_METHOD_MATCH = YES;
				COPY_PHASE_STRIP = NO;
				DEBUG_INFORMATION_FORMAT = dwarf;
				ENABLE_STRICT_OBJC_MSGSEND = YES;
				ENABLE_TESTABILITY = YES;
				ENABLE_USER_SCRIPT_SANDBOXING = YES;
				GCC_C_LANGUAGE_STANDARD = gnu17;
				GCC_DYNAMIC_NO_PIC = NO;
				GCC_NO_COMMON_BLOCKS = YES;
				GCC_OPTIMIZATION_LEVEL = 0;
				GCC_PREPROCESSOR_DEFINITIONS = (
					"DEBUG=1",
					"$(inherited)",
				);
				GCC_WARN_64_TO_32_BIT_CONVERSION = YES;
				GCC_WARN_ABOUT_RETURN_TYPE = YES_ERROR;
				GCC_WARN_UNDECLARED_SELECTOR = YES;
				GCC_WARN_UNINITIALIZED_AUTOS = YES_AGGRESSIVE;
				GCC_WARN_UNUSED_FUNCTION = YES;
				GCC_WARN_UNUSED_VARIABLE = YES;
				IPHONEOS_DEPLOYMENT_TARGET = 17.5;
				LOCALIZATION_PREFERS_STRING_CATALOGS = YES;
				MTL_ENABLE_DEBUG_INFO = INCLUDE_SOURCE;
				MTL_FAST_MATH = YES;
				ONLY_ACTIVE_ARCH = YES;
				SDKROOT = iphoneos;
				SWIFT_ACTIVE_COMPILATION_CONDITIONS = "DEBUG $(inherited)";
				SWIFT_OPTIMIZATION_LEVEL = "-Onone";
			};
			name = Debug;
		};
		63735E512C27E5F600287B5A /* Release */ = {
			isa = XCBuildConfiguration;
			buildSettings = {
				ALWAYS_SEARCH_USER_PATHS = NO;
				ASSETCATALOG_COMPILER_GENERATE_SWIFT_ASSET_SYMBOL_EXTENSIONS = YES;
				CLANG_ANALYZER_NONNULL = YES;
				CLANG_ANALYZER_NUMBER_OBJECT_CONVERSION = YES_AGGRESSIVE;
				CLANG_CXX_LANGUAGE_STANDARD = "gnu++20";
				CLANG_ENABLE_MODULES = YES;
				CLANG_ENABLE_OBJC_ARC = YES;
				CLANG_ENABLE_OBJC_WEAK = YES;
				CLANG_WARN_BLOCK_CAPTURE_AUTORELEASING = YES;
				CLANG_WARN_BOOL_CONVERSION = YES;
				CLANG_WARN_COMMA = YES;
				CLANG_WARN_CONSTANT_CONVERSION = YES;
				CLANG_WARN_DEPRECATED_OBJC_IMPLEMENTATIONS = YES;
				CLANG_WARN_DIRECT_OBJC_ISA_USAGE = YES_ERROR;
				CLANG_WARN_DOCUMENTATION_COMMENTS = YES;
				CLANG_WARN_EMPTY_BODY = YES;
				CLANG_WARN_ENUM_CONVERSION = YES;
				CLANG_WARN_INFINITE_RECURSION = YES;
				CLANG_WARN_INT_CONVERSION = YES;
				CLANG_WARN_NON_LITERAL_NULL_CONVERSION = YES;
				CLANG_WARN_OBJC_IMPLICIT_RETAIN_SELF = YES;
				CLANG_WARN_OBJC_LITERAL_CONVERSION = YES;
				CLANG_WARN_OBJC_ROOT_CLASS = YES_ERROR;
				CLANG_WARN_QUOTED_INCLUDE_IN_FRAMEWORK_HEADER = YES;
				CLANG_WARN_RANGE_LOOP_ANALYSIS = YES;
				CLANG_WARN_STRICT_PROTOTYPES = YES;
				CLANG_WARN_SUSPICIOUS_MOVE = YES;
				CLANG_WARN_UNGUARDED_AVAILABILITY = YES_AGGRESSIVE;
				CLANG_WARN_UNREACHABLE_CODE = YES;
				CLANG_WARN__DUPLICATE_METHOD_MATCH = YES;
				COPY_PHASE_STRIP = NO;
				DEBUG_INFORMATION_FORMAT = "dwarf-with-dsym";
				ENABLE_NS_ASSERTIONS = NO;
				ENABLE_STRICT_OBJC_MSGSEND = YES;
				ENABLE_USER_SCRIPT_SANDBOXING = YES;
				GCC_C_LANGUAGE_STANDARD = gnu17;
				GCC_NO_COMMON_BLOCKS = YES;
				GCC_WARN_64_TO_32_BIT_CONVERSION = YES;
				GCC_WARN_ABOUT_RETURN_TYPE = YES_ERROR;
				GCC_WARN_UNDECLARED_SELECTOR = YES;
				GCC_WARN_UNINITIALIZED_AUTOS = YES_AGGRESSIVE;
				GCC_WARN_UNUSED_FUNCTION = YES;
				GCC_WARN_UNUSED_VARIABLE = YES;
				IPHONEOS_DEPLOYMENT_TARGET = 17.5;
				LOCALIZATION_PREFERS_STRING_CATALOGS = YES;
				MTL_ENABLE_DEBUG_INFO = NO;
				MTL_FAST_MATH = YES;
				SDKROOT = iphoneos;
				SWIFT_COMPILATION_MODE = wholemodule;
				VALIDATE_PRODUCT = YES;
			};
			name = Release;
		};
		63735E532C27E5F600287B5A /* Debug */ = {
			isa = XCBuildConfiguration;
			buildSettings = {
				ASSETCATALOG_COMPILER_APPICON_NAME = AppIcon;
				ASSETCATALOG_COMPILER_GLOBAL_ACCENT_COLOR_NAME = AccentColor;
				CODE_SIGN_STYLE = Automatic;
				CURRENT_PROJECT_VERSION = 1;
				DEVELOPMENT_ASSET_PATHS = "\"Wat_Jai/Preview Content\"";
				DEVELOPMENT_TEAM = FJDGRV7AS3;
				ENABLE_PREVIEWS = YES;
				GENERATE_INFOPLIST_FILE = YES;
				INFOPLIST_KEY_UIApplicationSceneManifest_Generation = YES;
				INFOPLIST_KEY_UIApplicationSupportsIndirectInputEvents = YES;
				INFOPLIST_KEY_UILaunchScreen_Generation = YES;
				INFOPLIST_KEY_UISupportedInterfaceOrientations_iPad = "UIInterfaceOrientationPortrait UIInterfaceOrientationPortraitUpsideDown UIInterfaceOrientationLandscapeLeft UIInterfaceOrientationLandscapeRight";
				INFOPLIST_KEY_UISupportedInterfaceOrientations_iPhone = "UIInterfaceOrientationPortrait UIInterfaceOrientationLandscapeLeft UIInterfaceOrientationLandscapeRight";
				IPHONEOS_DEPLOYMENT_TARGET = 17.0;
				LD_RUNPATH_SEARCH_PATHS = (
					"$(inherited)",
					"@executable_path/Frameworks",
				);
				MARKETING_VERSION = 1.0;
				PRODUCT_BUNDLE_IDENTIFIER = "Non.Wat-Jai";
				PRODUCT_NAME = "$(TARGET_NAME)";
				SWIFT_EMIT_LOC_STRINGS = YES;
				SWIFT_VERSION = 5.0;
				TARGETED_DEVICE_FAMILY = "1,2";
			};
			name = Debug;
		};
		63735E542C27E5F600287B5A /* Release */ = {
			isa = XCBuildConfiguration;
			buildSettings = {
				ASSETCATALOG_COMPILER_APPICON_NAME = AppIcon;
				ASSETCATALOG_COMPILER_GLOBAL_ACCENT_COLOR_NAME = AccentColor;
				CODE_SIGN_STYLE = Automatic;
				CURRENT_PROJECT_VERSION = 1;
				DEVELOPMENT_ASSET_PATHS = "\"Wat_Jai/Preview Content\"";
				DEVELOPMENT_TEAM = FJDGRV7AS3;
				ENABLE_PREVIEWS = YES;
				GENERATE_INFOPLIST_FILE = YES;
				INFOPLIST_KEY_UIApplicationSceneManifest_Generation = YES;
				INFOPLIST_KEY_UIApplicationSupportsIndirectInputEvents = YES;
				INFOPLIST_KEY_UILaunchScreen_Generation = YES;
				INFOPLIST_KEY_UISupportedInterfaceOrientations_iPad = "UIInterfaceOrientationPortrait UIInterfaceOrientationPortraitUpsideDown UIInterfaceOrientationLandscapeLeft UIInterfaceOrientationLandscapeRight";
				INFOPLIST_KEY_UISupportedInterfaceOrientations_iPhone = "UIInterfaceOrientationPortrait UIInterfaceOrientationLandscapeLeft UIInterfaceOrientationLandscapeRight";
				IPHONEOS_DEPLOYMENT_TARGET = 17.0;
				LD_RUNPATH_SEARCH_PATHS = (
					"$(inherited)",
					"@executable_path/Frameworks",
				);
				MARKETING_VERSION = 1.0;
				PRODUCT_BUNDLE_IDENTIFIER = "Non.Wat-Jai";
				PRODUCT_NAME = "$(TARGET_NAME)";
				SWIFT_EMIT_LOC_STRINGS = YES;
				SWIFT_VERSION = 5.0;
				TARGETED_DEVICE_FAMILY = "1,2";
			};
			name = Release;
		};
		63735E562C27E5F600287B5A /* Debug */ = {
			isa = XCBuildConfiguration;
			buildSettings = {
				ALWAYS_EMBED_SWIFT_STANDARD_LIBRARIES = YES;
				BUNDLE_LOADER = "$(TEST_HOST)";
				CODE_SIGN_STYLE = Automatic;
				CURRENT_PROJECT_VERSION = 1;
				GENERATE_INFOPLIST_FILE = YES;
				IPHONEOS_DEPLOYMENT_TARGET = 17.5;
				MARKETING_VERSION = 1.0;
				PRODUCT_BUNDLE_IDENTIFIER = "Non.Wat-JaiTests";
				PRODUCT_NAME = "$(TARGET_NAME)";
				SWIFT_EMIT_LOC_STRINGS = NO;
				SWIFT_VERSION = 5.0;
				TARGETED_DEVICE_FAMILY = "1,2";
				TEST_HOST = "$(BUILT_PRODUCTS_DIR)/Wat_Jai.app/$(BUNDLE_EXECUTABLE_FOLDER_PATH)/Wat_Jai";
			};
			name = Debug;
		};
		63735E572C27E5F600287B5A /* Release */ = {
			isa = XCBuildConfiguration;
			buildSettings = {
				ALWAYS_EMBED_SWIFT_STANDARD_LIBRARIES = YES;
				BUNDLE_LOADER = "$(TEST_HOST)";
				CODE_SIGN_STYLE = Automatic;
				CURRENT_PROJECT_VERSION = 1;
				GENERATE_INFOPLIST_FILE = YES;
				IPHONEOS_DEPLOYMENT_TARGET = 17.5;
				MARKETING_VERSION = 1.0;
				PRODUCT_BUNDLE_IDENTIFIER = "Non.Wat-JaiTests";
				PRODUCT_NAME = "$(TARGET_NAME)";
				SWIFT_EMIT_LOC_STRINGS = NO;
				SWIFT_VERSION = 5.0;
				TARGETED_DEVICE_FAMILY = "1,2";
				TEST_HOST = "$(BUILT_PRODUCTS_DIR)/Wat_Jai.app/$(BUNDLE_EXECUTABLE_FOLDER_PATH)/Wat_Jai";
			};
			name = Release;
		};
		63735E592C27E5F600287B5A /* Debug */ = {
			isa = XCBuildConfiguration;
			buildSettings = {
				ALWAYS_EMBED_SWIFT_STANDARD_LIBRARIES = YES;
				CODE_SIGN_STYLE = Automatic;
				CURRENT_PROJECT_VERSION = 1;
				GENERATE_INFOPLIST_FILE = YES;
				MARKETING_VERSION = 1.0;
				PRODUCT_BUNDLE_IDENTIFIER = "Non.Wat-JaiUITests";
				PRODUCT_NAME = "$(TARGET_NAME)";
				SWIFT_EMIT_LOC_STRINGS = NO;
				SWIFT_VERSION = 5.0;
				TARGETED_DEVICE_FAMILY = "1,2";
				TEST_TARGET_NAME = Wat_Jai;
			};
			name = Debug;
		};
		63735E5A2C27E5F600287B5A /* Release */ = {
			isa = XCBuildConfiguration;
			buildSettings = {
				ALWAYS_EMBED_SWIFT_STANDARD_LIBRARIES = YES;
				CODE_SIGN_STYLE = Automatic;
				CURRENT_PROJECT_VERSION = 1;
				GENERATE_INFOPLIST_FILE = YES;
				MARKETING_VERSION = 1.0;
				PRODUCT_BUNDLE_IDENTIFIER = "Non.Wat-JaiUITests";
				PRODUCT_NAME = "$(TARGET_NAME)";
				SWIFT_EMIT_LOC_STRINGS = NO;
				SWIFT_VERSION = 5.0;
				TARGETED_DEVICE_FAMILY = "1,2";
				TEST_TARGET_NAME = Wat_Jai;
			};
			name = Release;
		};
/* End XCBuildConfiguration section */

/* Begin XCConfigurationList section */
		63735E292C27E5F300287B5A /* Build configuration list for PBXProject "Wat_Jai" */ = {
			isa = XCConfigurationList;
			buildConfigurations = (
				63735E502C27E5F600287B5A /* Debug */,
				63735E512C27E5F600287B5A /* Release */,
			);
			defaultConfigurationIsVisible = 0;
			defaultConfigurationName = Release;
		};
		63735E522C27E5F600287B5A /* Build configuration list for PBXNativeTarget "Wat_Jai" */ = {
			isa = XCConfigurationList;
			buildConfigurations = (
				63735E532C27E5F600287B5A /* Debug */,
				63735E542C27E5F600287B5A /* Release */,
			);
			defaultConfigurationIsVisible = 0;
			defaultConfigurationName = Release;
		};
		63735E552C27E5F600287B5A /* Build configuration list for PBXNativeTarget "Wat_JaiTests" */ = {
			isa = XCConfigurationList;
			buildConfigurations = (
				63735E562C27E5F600287B5A /* Debug */,
				63735E572C27E5F600287B5A /* Release */,
			);
			defaultConfigurationIsVisible = 0;
			defaultConfigurationName = Release;
		};
		63735E582C27E5F600287B5A /* Build configuration list for PBXNativeTarget "Wat_JaiUITests" */ = {
			isa = XCConfigurationList;
			buildConfigurations = (
				63735E592C27E5F600287B5A /* Debug */,
				63735E5A2C27E5F600287B5A /* Release */,
			);
			defaultConfigurationIsVisible = 0;
			defaultConfigurationName = Release;
		};
/* End XCConfigurationList section */
	};
	rootObject = 63735E262C27E5F300287B5A /* Project object */;
}
